
Microsoft Visual Studio Solution File, Format Version 12.00
# Visual Studio Version 17
VisualStudioVersion = 17.13.36105.23
MinimumVisualStudioVersion = 10.0.40219.1
Project("{2150E333-8FDC-42A3-9474-1A3956D46DE8}") = "src", "src", "{02EA681E-C7D8-13C7-8484-4AC65E1B71E8}"
EndProject
Project("{FAE04EC0-301F-11D3-BF4B-00C04F79EFBC}") = "FileIngestorApp.Core", "src\FileIngestorApp.Core\FileIngestorApp.Core.csproj", "{EB3F5DBA-44A5-476C-B5AB-BD5415E1BDF2}"
EndProject
Project("{FAE04EC0-301F-11D3-BF4B-00C04F79EFBC}") = "FileIngestorApp.Winform", "src\FileIngestorApp.Winform\FileIngestorApp.Winform.csproj", "{F985B3D1-C4AB-411D-B7F1-71A2A2F9433C}"
EndProject
Project("{FAE04EC0-301F-11D3-BF4B-00C04F79EFBC}") = "FileIngestorApp.FileProcessor", "src\FileIngestorApp.FileProcessor\FileIngestorApp.FileProcessor.csproj", "{15ECBCAD-9949-48A4-EC83-5E4E9181A91D}"
EndProject
Project("{FAE04EC0-301F-11D3-BF4B-00C04F79EFBC}") = "FileIngestorApp.Benchmark", "src\FileIngestorApp.Benchmark\FileIngestorApp.Benchmark.csproj", "{FCB2F7A5-7C31-458F-B32D-56AF23F63783}"
EndProject
Project("{2150E333-8FDC-42A3-9474-1A3956D46DE8}") = "Examples", "Examples", "{CE22A3F5-3F8A-4419-95B5-CA4615CE8ACA}"
EndProject
Project("{FAE04EC0-301F-11D3-BF4B-00C04F79EFBC}") = "ExampleThreading", "ExampleThreading\ExampleThreading.csproj", "{BC4FE96F-9FAB-4021-A334-B3A22AF2F6CB}"
EndProject
Project("{2150E333-8FDC-42A3-9474-1A3956D46DE8}") = "SuperMarket_Data", "SuperMarket_Data", "{36573611-CEB4-4F2A-B3C6-D3CC7883B84E}"
EndProject
Project("{FAE04EC0-301F-11D3-BF4B-00C04F79EFBC}") = "SuperMarketLogGenerator", "BBSMLogGenerator\SuperMarketLogGenerator.csproj", "{B05316AC-1B8C-4B74-87AD-93DA63DDEBBE}"
EndProject
Global
	GlobalSection(SolutionConfigurationPlatforms) = preSolution
		Debug|Any CPU = Debug|Any CPU
		Release|Any CPU = Release|Any CPU
	EndGlobalSection
	GlobalSection(ProjectConfigurationPlatforms) = postSolution
		{EB3F5DBA-44A5-476C-B5AB-BD5415E1BDF2}.Debug|Any CPU.ActiveCfg = Debug|Any CPU
		{EB3F5DBA-44A5-476C-B5AB-BD5415E1BDF2}.Debug|Any CPU.Build.0 = Debug|Any CPU
		{EB3F5DBA-44A5-476C-B5AB-BD5415E1BDF2}.Release|Any CPU.ActiveCfg = Release|Any CPU
		{EB3F5DBA-44A5-476C-B5AB-BD5415E1BDF2}.Release|Any CPU.Build.0 = Release|Any CPU
		{F985B3D1-C4AB-411D-B7F1-71A2A2F9433C}.Debug|Any CPU.ActiveCfg = Debug|Any CPU
		{F985B3D1-C4AB-411D-B7F1-71A2A2F9433C}.Debug|Any CPU.Build.0 = Debug|Any CPU
		{F985B3D1-C4AB-411D-B7F1-71A2A2F9433C}.Release|Any CPU.ActiveCfg = Release|Any CPU
		{F985B3D1-C4AB-411D-B7F1-71A2A2F9433C}.Release|Any CPU.Build.0 = Release|Any CPU
		{15ECBCAD-9949-48A4-EC83-5E4E9181A91D}.Debug|Any CPU.ActiveCfg = Debug|Any CPU
		{15ECBCAD-9949-48A4-EC83-5E4E9181A91D}.Debug|Any CPU.Build.0 = Debug|Any CPU
		{15ECBCAD-9949-48A4-EC83-5E4E9181A91D}.Release|Any CPU.ActiveCfg = Release|Any CPU
		{15ECBCAD-9949-48A4-EC83-5E4E9181A91D}.Release|Any CPU.Build.0 = Release|Any CPU
		{FCB2F7A5-7C31-458F-B32D-56AF23F63783}.Debug|Any CPU.ActiveCfg = Debug|Any CPU
		{FCB2F7A5-7C31-458F-B32D-56AF23F63783}.Debug|Any CPU.Build.0 = Debug|Any CPU
		{FCB2F7A5-7C31-458F-B32D-56AF23F63783}.Release|Any CPU.ActiveCfg = Release|Any CPU
		{FCB2F7A5-7C31-458F-B32D-56AF23F63783}.Release|Any CPU.Build.0 = Release|Any CPU
		{BC4FE96F-9FAB-4021-A334-B3A22AF2F6CB}.Debug|Any CPU.ActiveCfg = Debug|Any CPU
		{BC4FE96F-9FAB-4021-A334-B3A22AF2F6CB}.Debug|Any CPU.Build.0 = Debug|Any CPU
		{BC4FE96F-9FAB-4021-A334-B3A22AF2F6CB}.Release|Any CPU.ActiveCfg = Release|Any CPU
		{BC4FE96F-9FAB-4021-A334-B3A22AF2F6CB}.Release|Any CPU.Build.0 = Release|Any CPU
		{B05316AC-1B8C-4B74-87AD-93DA63DDEBBE}.Debug|Any CPU.ActiveCfg = Debug|Any CPU
		{B05316AC-1B8C-4B74-87AD-93DA63DDEBBE}.Debug|Any CPU.Build.0 = Debug|Any CPU
		{B05316AC-1B8C-4B74-87AD-93DA63DDEBBE}.Release|Any CPU.ActiveCfg = Release|Any CPU
		{B05316AC-1B8C-4B74-87AD-93DA63DDEBBE}.Release|Any CPU.Build.0 = Release|Any CPU
	EndGlobalSection
	GlobalSection(SolutionProperties) = preSolution
		HideSolutionNode = FALSE
	EndGlobalSection
	GlobalSection(NestedProjects) = preSolution
		{EB3F5DBA-44A5-476C-B5AB-BD5415E1BDF2} = {02EA681E-C7D8-13C7-8484-4AC65E1B71E8}
		{F985B3D1-C4AB-411D-B7F1-71A2A2F9433C} = {02EA681E-C7D8-13C7-8484-4AC65E1B71E8}
		{15ECBCAD-9949-48A4-EC83-5E4E9181A91D} = {02EA681E-C7D8-13C7-8484-4AC65E1B71E8}
		{FCB2F7A5-7C31-458F-B32D-56AF23F63783} = {02EA681E-C7D8-13C7-8484-4AC65E1B71E8}
		{BC4FE96F-9FAB-4021-A334-B3A22AF2F6CB} = {CE22A3F5-3F8A-4419-95B5-CA4615CE8ACA}
		{B05316AC-1B8C-4B74-87AD-93DA63DDEBBE} = {36573611-CEB4-4F2A-B3C6-D3CC7883B84E}
	EndGlobalSection
	GlobalSection(ExtensibilityGlobals) = postSolution
		SolutionGuid = {E959A108-5421-41C9-9B5B-BC28681BDA48}
	EndGlobalSection
EndGlobal
