
Microsoft Visual Studio Solution File, Format Version 12.00
# Visual Studio Version 17
VisualStudioVersion = 17.14.36301.6
MinimumVisualStudioVersion = 10.0.40219.1
Project("{FAE04EC0-301F-11D3-BF4B-00C04F79EFBC}") = "SalesAnalyzer.Lib", "src\SalesAnalyzer.Lib\SalesAnalyzer.Lib.csproj", "{16794179-FD8F-44BA-A7F5-C1948A2C1126}"
EndProject
Project("{FAE04EC0-301F-11D3-BF4B-00C04F79EFBC}") = "SalesAnalyzer.App", "src\SalesAnalyzer.App\SalesAnalyzer.App.csproj", "{C4372AB3-8035-4523-80D5-9754B1C7BCEE}"
EndProject
Global
	GlobalSection(SolutionConfigurationPlatforms) = preSolution
		Debug|Any CPU = Debug|Any CPU
		Release|Any CPU = Release|Any CPU
	EndGlobalSection
	GlobalSection(ProjectConfigurationPlatforms) = postSolution
		{16794179-FD8F-44BA-A7F5-C1948A2C1126}.Debug|Any CPU.ActiveCfg = Debug|Any CPU
		{16794179-FD8F-44BA-A7F5-C1948A2C1126}.Debug|Any CPU.Build.0 = Debug|Any CPU
		{16794179-FD8F-44BA-A7F5-C1948A2C1126}.Release|Any CPU.ActiveCfg = Release|Any CPU
		{16794179-FD8F-44BA-A7F5-C1948A2C1126}.Release|Any CPU.Build.0 = Release|Any CPU
		{C4372AB3-8035-4523-80D5-9754B1C7BCEE}.Debug|Any CPU.ActiveCfg = Debug|Any CPU
		{C4372AB3-8035-4523-80D5-9754B1C7BCEE}.Debug|Any CPU.Build.0 = Debug|Any CPU
		{C4372AB3-8035-4523-80D5-9754B1C7BCEE}.Release|Any CPU.ActiveCfg = Release|Any CPU
		{C4372AB3-8035-4523-80D5-9754B1C7BCEE}.Release|Any CPU.Build.0 = Release|Any CPU
	EndGlobalSection
	GlobalSection(SolutionProperties) = preSolution
		HideSolutionNode = FALSE
	EndGlobalSection
	GlobalSection(ExtensibilityGlobals) = postSolution
		SolutionGuid = {C5193EA4-3061-4D6F-951E-01B726E4A933}
	EndGlobalSection
EndGlobal
